// !$*UTF8*$!
{
	archiveVersion = 1;
	classes = {
	};
	objectVersion = 50;
	objects = {

/* Begin PBXBuildFile section */
		0934509520890A4700A7BE5D /* Magus.swift in Sources */ = {isa = PBXBuildFile; fileRef = 0934509420890A4700A7BE5D /* Magus.swift */; };
		09921D87207CB9A600C7DEA6 /* main.swift in Sources */ = {isa = PBXBuildFile; fileRef = 09921D86207CB9A600C7DEA6 /* main.swift */; };
		09921D8E207CB9DF00C7DEA6 /* Player.swift in Sources */ = {isa = PBXBuildFile; fileRef = 09921D8D207CB9DF00C7DEA6 /* Player.swift */; };
		09921D90207CBF5900C7DEA6 /* Character.swift in Sources */ = {isa = PBXBuildFile; fileRef = 09921D8F207CBF5900C7DEA6 /* Character.swift */; };
		09921D92207CC32800C7DEA6 /* Fighter.swift in Sources */ = {isa = PBXBuildFile; fileRef = 09921D91207CC32800C7DEA6 /* Fighter.swift */; };
		09921D95207CCA4A00C7DEA6 /* Game.swift in Sources */ = {isa = PBXBuildFile; fileRef = 09921D94207CCA4A00C7DEA6 /* Game.swift */; };
		09921D97207CFDC700C7DEA6 /* Dwarf.swift in Sources */ = {isa = PBXBuildFile; fileRef = 09921D96207CFDC700C7DEA6 /* Dwarf.swift */; };
		09921D99207CFE4600C7DEA6 /* Colossus.swift in Sources */ = {isa = PBXBuildFile; fileRef = 09921D98207CFE4600C7DEA6 /* Colossus.swift */; };
/* End PBXBuildFile section */

/* Begin PBXCopyFilesBuildPhase section */
		09921D81207CB9A600C7DEA6 /* CopyFiles */ = {
			isa = PBXCopyFilesBuildPhase;
			buildActionMask = 2147483647;
			dstPath = /usr/share/man/man1/;
			dstSubfolderSpec = 0;
			files = (
			);
			runOnlyForDeploymentPostprocessing = 1;
		};
/* End PBXCopyFilesBuildPhase section */

/* Begin PBXFileReference section */
		0934509420890A4700A7BE5D /* Magus.swift */ = {isa = PBXFileReference; lastKnownFileType = sourcecode.swift; path = Magus.swift; sourceTree = "<group>"; };
		09921D83207CB9A600C7DEA6 /* Swift Adventure */ = {isa = PBXFileReference; explicitFileType = "compiled.mach-o.executable"; includeInIndex = 0; path = "Swift Adventure"; sourceTree = BUILT_PRODUCTS_DIR; };
		09921D86207CB9A600C7DEA6 /* main.swift */ = {isa = PBXFileReference; lastKnownFileType = sourcecode.swift; path = main.swift; sourceTree = "<group>"; };
		09921D8D207CB9DF00C7DEA6 /* Player.swift */ = {isa = PBXFileReference; lastKnownFileType = sourcecode.swift; path = Player.swift; sourceTree = "<group>"; };
		09921D8F207CBF5900C7DEA6 /* Character.swift */ = {isa = PBXFileReference; lastKnownFileType = sourcecode.swift; path = Character.swift; sourceTree = "<group>"; };
		09921D91207CC32800C7DEA6 /* Fighter.swift */ = {isa = PBXFileReference; lastKnownFileType = sourcecode.swift; path = Fighter.swift; sourceTree = "<group>"; };
		09921D94207CCA4A00C7DEA6 /* Game.swift */ = {isa = PBXFileReference; lastKnownFileType = sourcecode.swift; path = Game.swift; sourceTree = "<group>"; };
		09921D96207CFDC700C7DEA6 /* Dwarf.swift */ = {isa = PBXFileReference; lastKnownFileType = sourcecode.swift; path = Dwarf.swift; sourceTree = "<group>"; };
		09921D98207CFE4600C7DEA6 /* Colossus.swift */ = {isa = PBXFileReference; lastKnownFileType = sourcecode.swift; path = Colossus.swift; sourceTree = "<group>"; };
/* End PBXFileReference section */

/* Begin PBXFrameworksBuildPhase section */
		09921D80207CB9A600C7DEA6 /* Frameworks */ = {
			isa = PBXFrameworksBuildPhase;
			buildActionMask = 2147483647;
			files = (
			);
			runOnlyForDeploymentPostprocessing = 0;
		};
/* End PBXFrameworksBuildPhase section */

/* Begin PBXGroup section */
		09921D7A207CB9A600C7DEA6 = {
			isa = PBXGroup;
			children = (
				09921D85207CB9A600C7DEA6 /* Swift Adventure */,
				09921D84207CB9A600C7DEA6 /* Products */,
			);
			sourceTree = "<group>";
		};
		09921D84207CB9A600C7DEA6 /* Products */ = {
			isa = PBXGroup;
			children = (
				09921D83207CB9A600C7DEA6 /* Swift Adventure */,
			);
			name = Products;
			sourceTree = "<group>";
		};
		09921D85207CB9A600C7DEA6 /* Swift Adventure */ = {
			isa = PBXGroup;
			children = (
				09921D86207CB9A600C7DEA6 /* main.swift */,
				09921D8D207CB9DF00C7DEA6 /* Player.swift */,
				09921D8F207CBF5900C7DEA6 /* Character.swift */,
				0934509420890A4700A7BE5D /* Magus.swift */,
				09921D98207CFE4600C7DEA6 /* Colossus.swift */,
				09921D91207CC32800C7DEA6 /* Fighter.swift */,
				09921D96207CFDC700C7DEA6 /* Dwarf.swift */,
				09921D94207CCA4A00C7DEA6 /* Game.swift */,
			);
			path = "Swift Adventure";
			sourceTree = "<group>";
		};
/* End PBXGroup section */

/* Begin PBXNativeTarget section */
		09921D82207CB9A600C7DEA6 /* Swift Adventure */ = {
			isa = PBXNativeTarget;
			buildConfigurationList = 09921D8A207CB9A600C7DEA6 /* Build configuration list for PBXNativeTarget "Swift Adventure" */;
			buildPhases = (
				09921D7F207CB9A600C7DEA6 /* Sources */,
				09921D80207CB9A600C7DEA6 /* Frameworks */,
				09921D81207CB9A600C7DEA6 /* CopyFiles */,
			);
			buildRules = (
			);
			dependencies = (
			);
			name = "Swift Adventure";
			productName = "Swift Adventure";
			productReference = 09921D83207CB9A600C7DEA6 /* Swift Adventure */;
			productType = "com.apple.product-type.tool";
		};
/* End PBXNativeTarget section */

/* Begin PBXProject section */
		09921D7B207CB9A600C7DEA6 /* Project object */ = {
			isa = PBXProject;
			attributes = {
				LastSwiftUpdateCheck = 0930;
				LastUpgradeCheck = 0930;
				ORGANIZATIONNAME = "Julien Renier";
				TargetAttributes = {
					09921D82207CB9A600C7DEA6 = {
						CreatedOnToolsVersion = 9.3;
					};
				};
			};
			buildConfigurationList = 09921D7E207CB9A600C7DEA6 /* Build configuration list for PBXProject "Swift Adventure" */;
			compatibilityVersion = "Xcode 9.3";
			developmentRegion = en;
			hasScannedForEncodings = 0;
			knownRegions = (
				en,
			);
			mainGroup = 09921D7A207CB9A600C7DEA6;
			productRefGroup = 09921D84207CB9A600C7DEA6 /* Products */;
			projectDirPath = "";
			projectRoot = "";
			targets = (
				09921D82207CB9A600C7DEA6 /* Swift Adventure */,
			);
		};
/* End PBXProject section */

/* Begin PBXSourcesBuildPhase section */
		09921D7F207CB9A600C7DEA6 /* Sources */ = {
			isa = PBXSourcesBuildPhase;
			buildActionMask = 2147483647;
			files = (
				09921D99207CFE4600C7DEA6 /* Colossus.swift in Sources */,
				09921D92207CC32800C7DEA6 /* Fighter.swift in Sources */,
				09921D95207CCA4A00C7DEA6 /* Game.swift in Sources */,
				0934509520890A4700A7BE5D /* Magus.swift in Sources */,
				09921D90207CBF5900C7DEA6 /* Character.swift in Sources */,
				09921D97207CFDC700C7DEA6 /* Dwarf.swift in Sources */,
				09921D8E207CB9DF00C7DEA6 /* Player.swift in Sources */,
				09921D87207CB9A600C7DEA6 /* main.swift in Sources */,
			);
			runOnlyForDeploymentPostprocessing = 0;
		};
/* End PBXSourcesBuildPhase section */

/* Begin XCBuildConfiguration section */
		09921D88207CB9A600C7DEA6 /* Debug */ = {
			isa = XCBuildConfiguration;
			buildSettings = {
				ALWAYS_SEARCH_USER_PATHS = NO;
				CLANG_ANALYZER_NONNULL = YES;
				CLANG_ANALYZER_NUMBER_OBJECT_CONVERSION = YES_AGGRESSIVE;
				CLANG_CXX_LANGUAGE_STANDARD = "gnu++14";
				CLANG_CXX_LIBRARY = "libc++";
				CLANG_ENABLE_MODULES = YES;
				CLANG_ENABLE_OBJC_ARC = YES;
				CLANG_ENABLE_OBJC_WEAK = YES;
				CLANG_WARN_BLOCK_CAPTURE_AUTORELEASING = YES;
				CLANG_WARN_BOOL_CONVERSION = YES;
				CLANG_WARN_COMMA = YES;
				CLANG_WARN_CONSTANT_CONVERSION = YES;
				CLANG_WARN_DEPRECATED_OBJC_IMPLEMENTATIONS = YES;
				CLANG_WARN_DIRECT_OBJC_ISA_USAGE = YES_ERROR;
				CLANG_WARN_DOCUMENTATION_COMMENTS = YES;
				CLANG_WARN_EMPTY_BODY = YES;
				CLANG_WARN_ENUM_CONVERSION = YES;
				CLANG_WARN_INFINITE_RECURSION = YES;
				CLANG_WARN_INT_CONVERSION = YES;
				CLANG_WARN_NON_LITERAL_NULL_CONVERSION = YES;
				CLANG_WARN_OBJC_IMPLICIT_RETAIN_SELF = YES;
				CLANG_WARN_OBJC_LITERAL_CONVERSION = YES;
				CLANG_WARN_OBJC_ROOT_CLASS = YES_ERROR;
				CLANG_WARN_RANGE_LOOP_ANALYSIS = YES;
				CLANG_WARN_STRICT_PROTOTYPES = YES;
				CLANG_WARN_SUSPICIOUS_MOVE = YES;
				CLANG_WARN_UNGUARDED_AVAILABILITY = YES_AGGRESSIVE;
				CLANG_WARN_UNREACHABLE_CODE = YES;
				CLANG_WARN__DUPLICATE_METHOD_MATCH = YES;
				CODE_SIGN_IDENTITY = "-";
				COPY_PHASE_STRIP = NO;
				DEBUG_INFORMATION_FORMAT = dwarf;
				ENABLE_STRICT_OBJC_MSGSEND = YES;
				ENABLE_TESTABILITY = YES;
				GCC_C_LANGUAGE_STANDARD = gnu11;
				GCC_DYNAMIC_NO_PIC = NO;
				GCC_NO_COMMON_BLOCKS = YES;
				GCC_OPTIMIZATION_LEVEL = 0;
				GCC_PREPROCESSOR_DEFINITIONS = (
					"DEBUG=1",
					"$(inherited)",
				);
				GCC_WARN_64_TO_32_BIT_CONVERSION = YES;
				GCC_WARN_ABOUT_RETURN_TYPE = YES_ERROR;
				GCC_WARN_UNDECLARED_SELECTOR = YES;
				GCC_WARN_UNINITIALIZED_AUTOS = YES_AGGRESSIVE;
				GCC_WARN_UNUSED_FUNCTION = YES;
				GCC_WARN_UNUSED_VARIABLE = YES;
				MACOSX_DEPLOYMENT_TARGET = 10.13;
				MTL_ENABLE_DEBUG_INFO = YES;
				ONLY_ACTIVE_ARCH = YES;
				SDKROOT = macosx;
				SWIFT_ACTIVE_COMPILATION_CONDITIONS = DEBUG;
				SWIFT_OPTIMIZATION_LEVEL = "-Onone";
			};
			name = Debug;
		};
		09921D89207CB9A600C7DEA6 /* Release */ = {
			isa = XCBuildConfiguration;
			buildSettings = {
				ALWAYS_SEARCH_USER_PATHS = NO;
				CLANG_ANALYZER_NONNULL = YES;
				CLANG_ANALYZER_NUMBER_OBJECT_CONVERSION = YES_AGGRESSIVE;
				CLANG_CXX_LANGUAGE_STANDARD = "gnu++14";
				CLANG_CXX_LIBRARY = "libc++";
				CLANG_ENABLE_MODULES = YES;
				CLANG_ENABLE_OBJC_ARC = YES;
				CLANG_ENABLE_OBJC_WEAK = YES;
				CLANG_WARN_BLOCK_CAPTURE_AUTORELEASING = YES;
				CLANG_WARN_BOOL_CONVERSION = YES;
				CLANG_WARN_COMMA = YES;
				CLANG_WARN_CONSTANT_CONVERSION = YES;
				CLANG_WARN_DEPRECATED_OBJC_IMPLEMENTATIONS = YES;
				CLANG_WARN_DIRECT_OBJC_ISA_USAGE = YES_ERROR;
				CLANG_WARN_DOCUMENTATION_COMMENTS = YES;
				CLANG_WARN_EMPTY_BODY = YES;
				CLANG_WARN_ENUM_CONVERSION = YES;
				CLANG_WARN_INFINITE_RECURSION = YES;
				CLANG_WARN_INT_CONVERSION = YES;
				CLANG_WARN_NON_LITERAL_NULL_CONVERSION = YES;
				CLANG_WARN_OBJC_IMPLICIT_RETAIN_SELF = YES;
				CLANG_WARN_OBJC_LITERAL_CONVERSION = YES;
				CLANG_WARN_OBJC_ROOT_CLASS = YES_ERROR;
				CLANG_WARN_RANGE_LOOP_ANALYSIS = YES;
				CLANG_WARN_STRICT_PROTOTYPES = YES;
				CLANG_WARN_SUSPICIOUS_MOVE = YES;
				CLANG_WARN_UNGUARDED_AVAILABILITY = YES_AGGRESSIVE;
				CLANG_WARN_UNREACHABLE_CODE = YES;
				CLANG_WARN__DUPLICATE_METHOD_MATCH = YES;
				CODE_SIGN_IDENTITY = "-";
				COPY_PHASE_STRIP = NO;
				DEBUG_INFORMATION_FORMAT = "dwarf-with-dsym";
				ENABLE_NS_ASSERTIONS = NO;
				ENABLE_STRICT_OBJC_MSGSEND = YES;
				GCC_C_LANGUAGE_STANDARD = gnu11;
				GCC_NO_COMMON_BLOCKS = YES;
				GCC_WARN_64_TO_32_BIT_CONVERSION = YES;
				GCC_WARN_ABOUT_RETURN_TYPE = YES_ERROR;
				GCC_WARN_UNDECLARED_SELECTOR = YES;
				GCC_WARN_UNINITIALIZED_AUTOS = YES_AGGRESSIVE;
				GCC_WARN_UNUSED_FUNCTION = YES;
				GCC_WARN_UNUSED_VARIABLE = YES;
				MACOSX_DEPLOYMENT_TARGET = 10.13;
				MTL_ENABLE_DEBUG_INFO = NO;
				SDKROOT = macosx;
				SWIFT_COMPILATION_MODE = wholemodule;
				SWIFT_OPTIMIZATION_LEVEL = "-O";
			};
			name = Release;
		};
		09921D8B207CB9A600C7DEA6 /* Debug */ = {
			isa = XCBuildConfiguration;
			buildSettings = {
				CODE_SIGN_STYLE = Automatic;
				PRODUCT_NAME = "$(TARGET_NAME)";
				SWIFT_VERSION = 4.0;
			};
			name = Debug;
		};
		09921D8C207CB9A600C7DEA6 /* Release */ = {
			isa = XCBuildConfiguration;
			buildSettings = {
				CODE_SIGN_STYLE = Automatic;
				PRODUCT_NAME = "$(TARGET_NAME)";
				SWIFT_VERSION = 4.0;
			};
			name = Release;
		};
/* End XCBuildConfiguration section */

/* Begin XCConfigurationList section */
		09921D7E207CB9A600C7DEA6 /* Build configuration list for PBXProject "Swift Adventure" */ = {
			isa = XCConfigurationList;
			buildConfigurations = (
				09921D88207CB9A600C7DEA6 /* Debug */,
				09921D89207CB9A600C7DEA6 /* Release */,
			);
			defaultConfigurationIsVisible = 0;
			defaultConfigurationName = Release;
		};
		09921D8A207CB9A600C7DEA6 /* Build configuration list for PBXNativeTarget "Swift Adventure" */ = {
			isa = XCConfigurationList;
			buildConfigurations = (
				09921D8B207CB9A600C7DEA6 /* Debug */,
				09921D8C207CB9A600C7DEA6 /* Release */,
			);
			defaultConfigurationIsVisible = 0;
			defaultConfigurationName = Release;
		};
/* End XCConfigurationList section */
	};
	rootObject = 09921D7B207CB9A600C7DEA6 /* Project object */;
}
